// !$*UTF8*$!
{
	archiveVersion = 1;
	classes = {
	};
	objectVersion = 46;
	objects = {

/* Begin PBXBuildFile section */
		17988A1D1F3A71970020AFFA /* AppDelegate.swift in Sources */ = {isa = PBXBuildFile; fileRef = 17988A1C1F3A71970020AFFA /* AppDelegate.swift */; };
		17988A1F1F3A71970020AFFA /* ViewController.swift in Sources */ = {isa = PBXBuildFile; fileRef = 17988A1E1F3A71970020AFFA /* ViewController.swift */; };
		17988A221F3A71970020AFFA /* Main.storyboard in Resources */ = {isa = PBXBuildFile; fileRef = 17988A201F3A71970020AFFA /* Main.storyboard */; };
		17988A251F3A71970020AFFA /* CollectionViewTest.xcdatamodeld in Sources */ = {isa = PBXBuildFile; fileRef = 17988A231F3A71970020AFFA /* CollectionViewTest.xcdatamodeld */; };
		17988A271F3A71970020AFFA /* Assets.xcassets in Resources */ = {isa = PBXBuildFile; fileRef = 17988A261F3A71970020AFFA /* Assets.xcassets */; };
		17988A321F3A731D0020AFFA /* Cell.swift in Sources */ = {isa = PBXBuildFile; fileRef = 17988A311F3A731D0020AFFA /* Cell.swift */; };
		17988A341F3A764C0020AFFA /* Extensions.swift in Sources */ = {isa = PBXBuildFile; fileRef = 17988A331F3A764C0020AFFA /* Extensions.swift */; };
		17988A361F3A780F0020AFFA /* Cell2.swift in Sources */ = {isa = PBXBuildFile; fileRef = 17988A351F3A780F0020AFFA /* Cell2.swift */; };
/* End PBXBuildFile section */

/* Begin PBXFileReference section */
		17988A191F3A71970020AFFA /* CollectionViewTest.app */ = {isa = PBXFileReference; explicitFileType = wrapper.application; includeInIndex = 0; path = CollectionViewTest.app; sourceTree = BUILT_PRODUCTS_DIR; };
		17988A1C1F3A71970020AFFA /* AppDelegate.swift */ = {isa = PBXFileReference; lastKnownFileType = sourcecode.swift; path = AppDelegate.swift; sourceTree = "<group>"; };
		17988A1E1F3A71970020AFFA /* ViewController.swift */ = {isa = PBXFileReference; lastKnownFileType = sourcecode.swift; path = ViewController.swift; sourceTree = "<group>"; };
		17988A211F3A71970020AFFA /* Base */ = {isa = PBXFileReference; lastKnownFileType = file.storyboard; name = Base; path = Base.lproj/Main.storyboard; sourceTree = "<group>"; };
		17988A241F3A71970020AFFA /* CollectionViewTest.xcdatamodel */ = {isa = PBXFileReference; lastKnownFileType = wrapper.xcdatamodel; path = CollectionViewTest.xcdatamodel; sourceTree = "<group>"; };
		17988A261F3A71970020AFFA /* Assets.xcassets */ = {isa = PBXFileReference; lastKnownFileType = folder.assetcatalog; path = Assets.xcassets; sourceTree = "<group>"; };
		17988A2B1F3A71970020AFFA /* Info.plist */ = {isa = PBXFileReference; lastKnownFileType = text.plist.xml; path = Info.plist; sourceTree = "<group>"; };
		17988A311F3A731D0020AFFA /* Cell.swift */ = {isa = PBXFileReference; fileEncoding = 4; lastKnownFileType = sourcecode.swift; path = Cell.swift; sourceTree = "<group>"; };
		17988A331F3A764C0020AFFA /* Extensions.swift */ = {isa = PBXFileReference; fileEncoding = 4; lastKnownFileType = sourcecode.swift; path = Extensions.swift; sourceTree = "<group>"; };
		17988A351F3A780F0020AFFA /* Cell2.swift */ = {isa = PBXFileReference; fileEncoding = 4; lastKnownFileType = sourcecode.swift; path = Cell2.swift; sourceTree = "<group>"; };
/* End PBXFileReference section */

/* Begin PBXFrameworksBuildPhase section */
		17988A161F3A71970020AFFA /* Frameworks */ = {
			isa = PBXFrameworksBuildPhase;
			buildActionMask = 2147483647;
			files = (
			);
			runOnlyForDeploymentPostprocessing = 0;
		};
/* End PBXFrameworksBuildPhase section */

/* Begin PBXGroup section */
		17988A101F3A71970020AFFA = {
			isa = PBXGroup;
			children = (
				17988A1B1F3A71970020AFFA /* CollectionViewTest */,
				17988A1A1F3A71970020AFFA /* Products */,
			);
			sourceTree = "<group>";
		};
		17988A1A1F3A71970020AFFA /* Products */ = {
			isa = PBXGroup;
			children = (
				17988A191F3A71970020AFFA /* CollectionViewTest.app */,
			);
			name = Products;
			sourceTree = "<group>";
		};
		17988A1B1F3A71970020AFFA /* CollectionViewTest */ = {
			isa = PBXGroup;
			children = (
				17988A1C1F3A71970020AFFA /* AppDelegate.swift */,
				17988A1E1F3A71970020AFFA /* ViewController.swift */,
				17988A311F3A731D0020AFFA /* Cell.swift */,
				17988A351F3A780F0020AFFA /* Cell2.swift */,
				17988A331F3A764C0020AFFA /* Extensions.swift */,
				17988A201F3A71970020AFFA /* Main.storyboard */,
				17988A261F3A71970020AFFA /* Assets.xcassets */,
				17988A2B1F3A71970020AFFA /* Info.plist */,
				17988A231F3A71970020AFFA /* CollectionViewTest.xcdatamodeld */,
			);
			path = CollectionViewTest;
			sourceTree = "<group>";
		};
/* End PBXGroup section */

/* Begin PBXNativeTarget section */
		17988A181F3A71970020AFFA /* CollectionViewTest */ = {
			isa = PBXNativeTarget;
			buildConfigurationList = 17988A2E1F3A71970020AFFA /* Build configuration list for PBXNativeTarget "CollectionViewTest" */;
			buildPhases = (
				17988A151F3A71970020AFFA /* Sources */,
				17988A161F3A71970020AFFA /* Frameworks */,
				17988A171F3A71970020AFFA /* Resources */,
			);
			buildRules = (
			);
			dependencies = (
			);
			name = CollectionViewTest;
			productName = CollectionViewTest;
			productReference = 17988A191F3A71970020AFFA /* CollectionViewTest.app */;
			productType = "com.apple.product-type.application";
		};
/* End PBXNativeTarget section */

/* Begin PBXProject section */
		17988A111F3A71970020AFFA /* Project object */ = {
			isa = PBXProject;
			attributes = {
				LastSwiftUpdateCheck = 0830;
				LastUpgradeCheck = 0830;
				ORGANIZATIONNAME = "Stefan Louis";
				TargetAttributes = {
					17988A181F3A71970020AFFA = {
						CreatedOnToolsVersion = 8.3.3;
						DevelopmentTeam = 7AA6A3RR36;
						ProvisioningStyle = Automatic;
					};
				};
			};
			buildConfigurationList = 17988A141F3A71970020AFFA /* Build configuration list for PBXProject "CollectionViewTest" */;
			compatibilityVersion = "Xcode 3.2";
			developmentRegion = English;
			hasScannedForEncodings = 0;
			knownRegions = (
				en,
				Base,
			);
			mainGroup = 17988A101F3A71970020AFFA;
			productRefGroup = 17988A1A1F3A71970020AFFA /* Products */;
			projectDirPath = "";
			projectRoot = "";
			targets = (
				17988A181F3A71970020AFFA /* CollectionViewTest */,
			);
		};
/* End PBXProject section */

/* Begin PBXResourcesBuildPhase section */
		17988A171F3A71970020AFFA /* Resources */ = {
			isa = PBXResourcesBuildPhase;
			buildActionMask = 2147483647;
			files = (
				17988A271F3A71970020AFFA /* Assets.xcassets in Resources */,
				17988A221F3A71970020AFFA /* Main.storyboard in Resources */,
			);
			runOnlyForDeploymentPostprocessing = 0;
		};
/* End PBXResourcesBuildPhase section */

/* Begin PBXSourcesBuildPhase section */
		17988A151F3A71970020AFFA /* Sources */ = {
			isa = PBXSourcesBuildPhase;
			buildActionMask = 2147483647;
			files = (
				17988A361F3A780F0020AFFA /* Cell2.swift in Sources */,
				17988A341F3A764C0020AFFA /* Extensions.swift in Sources */,
				17988A251F3A71970020AFFA /* CollectionViewTest.xcdatamodeld in Sources */,
				17988A321F3A731D0020AFFA /* Cell.swift in Sources */,
				17988A1F1F3A71970020AFFA /* ViewController.swift in Sources */,
				17988A1D1F3A71970020AFFA /* AppDelegate.swift in Sources */,
			);
			runOnlyForDeploymentPostprocessing = 0;
		};
/* End PBXSourcesBuildPhase section */

/* Begin PBXVariantGroup section */
		17988A201F3A71970020AFFA /* Main.storyboard */ = {
			isa = PBXVariantGroup;
			children = (
				17988A211F3A71970020AFFA /* Base */,
			);
			name = Main.storyboard;
			sourceTree = "<group>";
		};
/* End PBXVariantGroup section */

/* Begin XCBuildConfiguration section */
		17988A2C1F3A71970020AFFA /* Debug */ = {
			isa = XCBuildConfiguration;
			buildSettings = {
				ALWAYS_SEARCH_USER_PATHS = NO;
				CLANG_ANALYZER_NONNULL = YES;
				CLANG_ANALYZER_NUMBER_OBJECT_CONVERSION = YES_AGGRESSIVE;
				CLANG_CXX_LANGUAGE_STANDARD = "gnu++0x";
				CLANG_CXX_LIBRARY = "libc++";
				CLANG_ENABLE_MODULES = YES;
				CLANG_ENABLE_OBJC_ARC = YES;
				CLANG_WARN_BOOL_CONVERSION = YES;
				CLANG_WARN_CONSTANT_CONVERSION = YES;
				CLANG_WARN_DIRECT_OBJC_ISA_USAGE = YES_ERROR;
				CLANG_WARN_DOCUMENTATION_COMMENTS = YES;
				CLANG_WARN_EMPTY_BODY = YES;
				CLANG_WARN_ENUM_CONVERSION = YES;
				CLANG_WARN_INFINITE_RECURSION = YES;
				CLANG_WARN_INT_CONVERSION = YES;
				CLANG_WARN_OBJC_ROOT_CLASS = YES_ERROR;
				CLANG_WARN_SUSPICIOUS_MOVE = YES;
				CLANG_WARN_UNREACHABLE_CODE = YES;
				CLANG_WARN__DUPLICATE_METHOD_MATCH = YES;
				"CODE_SIGN_IDENTITY[sdk=iphoneos*]" = "iPhone Developer";
				COPY_PHASE_STRIP = NO;
				DEBUG_INFORMATION_FORMAT = dwarf;
				ENABLE_STRICT_OBJC_MSGSEND = YES;
				ENABLE_TESTABILITY = YES;
				GCC_C_LANGUAGE_STANDARD = gnu99;
				GCC_DYNAMIC_NO_PIC = NO;
				GCC_NO_COMMON_BLOCKS = YES;
				GCC_OPTIMIZATION_LEVEL = 0;
				GCC_PREPROCESSOR_DEFINITIONS = (
					"DEBUG=1",
					"$(inherited)",
				);
				GCC_WARN_64_TO_32_BIT_CONVERSION = YES;
				GCC_WARN_ABOUT_RETURN_TYPE = YES_ERROR;
				GCC_WARN_UNDECLARED_SELECTOR = YES;
				GCC_WARN_UNINITIALIZED_AUTOS = YES_AGGRESSIVE;
				GCC_WARN_UNUSED_FUNCTION = YES;
				GCC_WARN_UNUSED_VARIABLE = YES;
				IPHONEOS_DEPLOYMENT_TARGET = 10.3;
				MTL_ENABLE_DEBUG_INFO = YES;
				ONLY_ACTIVE_ARCH = YES;
				SDKROOT = iphoneos;
				SWIFT_ACTIVE_COMPILATION_CONDITIONS = DEBUG;
				SWIFT_OPTIMIZATION_LEVEL = "-Onone";
			};
			name = Debug;
		};
		17988A2D1F3A71970020AFFA /* Release */ = {
			isa = XCBuildConfiguration;
			buildSettings = {
				ALWAYS_SEARCH_USER_PATHS = NO;
				CLANG_ANALYZER_NONNULL = YES;
				CLANG_ANALYZER_NUMBER_OBJECT_CONVERSION = YES_AGGRESSIVE;
				CLANG_CXX_LANGUAGE_STANDARD = "gnu++0x";
				CLANG_CXX_LIBRARY = "libc++";
				CLANG_ENABLE_MODULES = YES;
				CLANG_ENABLE_OBJC_ARC = YES;
				CLANG_WARN_BOOL_CONVERSION = YES;
				CLANG_WARN_CONSTANT_CONVERSION = YES;
				CLANG_WARN_DIRECT_OBJC_ISA_USAGE = YES_ERROR;
				CLANG_WARN_DOCUMENTATION_COMMENTS = YES;
				CLANG_WARN_EMPTY_BODY = YES;
				CLANG_WARN_ENUM_CONVERSION = YES;
				CLANG_WARN_INFINITE_RECURSION = YES;
				CLANG_WARN_INT_CONVERSION = YES;
				CLANG_WARN_OBJC_ROOT_CLASS = YES_ERROR;
				CLANG_WARN_SUSPICIOUS_MOVE = YES;
				CLANG_WARN_UNREACHABLE_CODE = YES;
				CLANG_WARN__DUPLICATE_METHOD_MATCH = YES;
				"CODE_SIGN_IDENTITY[sdk=iphoneos*]" = "iPhone Developer";
				COPY_PHASE_STRIP = NO;
				DEBUG_INFORMATION_FORMAT = "dwarf-with-dsym";
				ENABLE_NS_ASSERTIONS = NO;
				ENABLE_STRICT_OBJC_MSGSEND = YES;
				GCC_C_LANGUAGE_STANDARD = gnu99;
				GCC_NO_COMMON_BLOCKS = YES;
				GCC_WARN_64_TO_32_BIT_CONVERSION = YES;
				GCC_WARN_ABOUT_RETURN_TYPE = YES_ERROR;
				GCC_WARN_UNDECLARED_SELECTOR = YES;
				GCC_WARN_UNINITIALIZED_AUTOS = YES_AGGRESSIVE;
				GCC_WARN_UNUSED_FUNCTION = YES;
				GCC_WARN_UNUSED_VARIABLE = YES;
				IPHONEOS_DEPLOYMENT_TARGET = 10.3;
				MTL_ENABLE_DEBUG_INFO = NO;
				SDKROOT = iphoneos;
				SWIFT_OPTIMIZATION_LEVEL = "-Owholemodule";
				VALIDATE_PRODUCT = YES;
			};
			name = Release;
		};
		17988A2F1F3A71970020AFFA /* Debug */ = {
			isa = XCBuildConfiguration;
			buildSettings = {
				ASSETCATALOG_COMPILER_APPICON_NAME = AppIcon;
				DEVELOPMENT_TEAM = 7AA6A3RR36;
				INFOPLIST_FILE = CollectionViewTest/Info.plist;
				LD_RUNPATH_SEARCH_PATHS = "$(inherited) @executable_path/Frameworks";
				PRODUCT_BUNDLE_IDENTIFIER = "com.stefan-louis.CollectionViewTest";
				PRODUCT_NAME = "$(TARGET_NAME)";
				SWIFT_VERSION = 3.0;
			};
			name = Debug;
		};
		17988A301F3A71970020AFFA /* Release */ = {
			isa = XCBuildConfiguration;
			buildSettings = {
				ASSETCATALOG_COMPILER_APPICON_NAME = AppIcon;
				DEVELOPMENT_TEAM = 7AA6A3RR36;
				INFOPLIST_FILE = CollectionViewTest/Info.plist;
				LD_RUNPATH_SEARCH_PATHS = "$(inherited) @executable_path/Frameworks";
				PRODUCT_BUNDLE_IDENTIFIER = "com.stefan-louis.CollectionViewTest";
				PRODUCT_NAME = "$(TARGET_NAME)";
				SWIFT_VERSION = 3.0;
			};
			name = Release;
		};
/* End XCBuildConfiguration section */

/* Begin XCConfigurationList section */
		17988A141F3A71970020AFFA /* Build configuration list for PBXProject "CollectionViewTest" */ = {
			isa = XCConfigurationList;
			buildConfigurations = (
				17988A2C1F3A71970020AFFA /* Debug */,
				17988A2D1F3A71970020AFFA /* Release */,
			);
			defaultConfigurationIsVisible = 0;
			defaultConfigurationName = Release;
		};
		17988A2E1F3A71970020AFFA /* Build configuration list for PBXNativeTarget "CollectionViewTest" */ = {
			isa = XCConfigurationList;
			buildConfigurations = (
				17988A2F1F3A71970020AFFA /* Debug */,
				17988A301F3A71970020AFFA /* Release */,
			);
			defaultConfigurationIsVisible = 0;
		};
/* End XCConfigurationList section */

/* Begin XCVersionGroup section */
		17988A231F3A71970020AFFA /* CollectionViewTest.xcdatamodeld */ = {
			isa = XCVersionGroup;
			children = (
				17988A241F3A71970020AFFA /* CollectionViewTest.xcdatamodel */,
			);
			currentVersion = 17988A241F3A71970020AFFA /* CollectionViewTest.xcdatamodel */;
			path = CollectionViewTest.xcdatamodeld;
			sourceTree = "<group>";
			versionGroupType = wrapper.xcdatamodel;
		};
/* End XCVersionGroup section */
	};
	rootObject = 17988A111F3A71970020AFFA /* Project object */;
}
